Microsoft Visual Studio Solution File, Format Version 12.00
# Visual Studio Version 17
VisualStudioVersion = 17.5.2.0
MinimumVisualStudioVersion = 10.0.40219.1
Project("{FAE04EC0-301F-11D3-BF4B-00C04F79EFBC}") = "_553540_Stetsko", "_553540_Stetsko.csproj", "{24D83F6B-9391-EC45-5446-7ED17C13748A}"
EndProject
Global
	GlobalSection(SolutionConfigurationPlatforms) = preSolution
		Debug|Any CPU = Debug|Any CPU
		Release|Any CPU = Release|Any CPU
	EndGlobalSection
	GlobalSection(ProjectConfigurationPlatforms) = postSolution
		{24D83F6B-9391-EC45-5446-7ED17C13748A}.Debug|Any CPU.ActiveCfg = Debug|Any CPU
		{24D83F6B-9391-EC45-5446-7ED17C13748A}.Debug|Any CPU.Build.0 = Debug|Any CPU
		{24D83F6B-9391-EC45-5446-7ED17C13748A}.Release|Any CPU.ActiveCfg = Release|Any CPU
		{24D83F6B-9391-EC45-5446-7ED17C13748A}.Release|Any CPU.Build.0 = Release|Any CPU
	EndGlobalSection
	GlobalSection(SolutionProperties) = preSolution
		HideSolutionNode = FALSE
	EndGlobalSection
	GlobalSection(ExtensibilityGlobals) = postSolution
		SolutionGuid = {60A533BF-2FDB-4CC1-97E3-FA4AD1FD39A8}
	EndGlobalSection
EndGlobal
