Microsoft Visual Studio Solution File, Format Version 12.00
# Visual Studio Version 17
VisualStudioVersion = 17.5.2.0
MinimumVisualStudioVersion = 10.0.40219.1
Project("{FAE04EC0-301F-11D3-BF4B-00C04F79EFBC}") = "LR9", "LR9.csproj", "{9256AEF2-D39A-9F7E-8C42-CDF11079A09D}"
EndProject
Global
	GlobalSection(SolutionConfigurationPlatforms) = preSolution
		Debug|Any CPU = Debug|Any CPU
		Release|Any CPU = Release|Any CPU
	EndGlobalSection
	GlobalSection(ProjectConfigurationPlatforms) = postSolution
		{9256AEF2-D39A-9F7E-8C42-CDF11079A09D}.Debug|Any CPU.ActiveCfg = Debug|Any CPU
		{9256AEF2-D39A-9F7E-8C42-CDF11079A09D}.Debug|Any CPU.Build.0 = Debug|Any CPU
		{9256AEF2-D39A-9F7E-8C42-CDF11079A09D}.Release|Any CPU.ActiveCfg = Release|Any CPU
		{9256AEF2-D39A-9F7E-8C42-CDF11079A09D}.Release|Any CPU.Build.0 = Release|Any CPU
	EndGlobalSection
	GlobalSection(SolutionProperties) = preSolution
		HideSolutionNode = FALSE
	EndGlobalSection
	GlobalSection(ExtensibilityGlobals) = postSolution
		SolutionGuid = {1CFF9E5D-6B4D-4F52-8ABC-4C15D63D468A}
	EndGlobalSection
EndGlobal
